// !$*UTF8*$!
{
	archiveVersion = 1;
	classes = {
	};
	objectVersion = 52;
	objects = {

/* Begin PBXBuildFile section */
		BA2A602527B1A12B009FA09E /* ProgressHUD in Frameworks */ = {isa = PBXBuildFile; productRef = BA2A602427B1A12B009FA09E /* ProgressHUD */; };
		BA64435C27AFB906001866D0 /* AppDelegate.swift in Sources */ = {isa = PBXBuildFile; fileRef = BA64435B27AFB906001866D0 /* AppDelegate.swift */; };
		BA64435E27AFB906001866D0 /* SceneDelegate.swift in Sources */ = {isa = PBXBuildFile; fileRef = BA64435D27AFB906001866D0 /* SceneDelegate.swift */; };
		BA64436027AFB906001866D0 /* MainVC.swift in Sources */ = {isa = PBXBuildFile; fileRef = BA64435F27AFB906001866D0 /* MainVC.swift */; };
		BA64436327AFB906001866D0 /* Main.storyboard in Resources */ = {isa = PBXBuildFile; fileRef = BA64436127AFB906001866D0 /* Main.storyboard */; };
		BA64436527AFB907001866D0 /* Assets.xcassets in Resources */ = {isa = PBXBuildFile; fileRef = BA64436427AFB907001866D0 /* Assets.xcassets */; };
		BA64436827AFB907001866D0 /* LaunchScreen.storyboard in Resources */ = {isa = PBXBuildFile; fileRef = BA64436627AFB907001866D0 /* LaunchScreen.storyboard */; };
		BA64437127AFBAB3001866D0 /* Alamofire in Frameworks */ = {isa = PBXBuildFile; productRef = BA64437027AFBAB3001866D0 /* Alamofire */; };
		BA64437327AFD68A001866D0 /* WeatherModel.swift in Sources */ = {isa = PBXBuildFile; fileRef = BA64437227AFD68A001866D0 /* WeatherModel.swift */; };
		BA67615A27B13BF700C66519 /* EditCityVC.swift in Sources */ = {isa = PBXBuildFile; fileRef = BA67615927B13BF700C66519 /* EditCityVC.swift */; };
		BA67615C27B143FB00C66519 /* CityModel.swift in Sources */ = {isa = PBXBuildFile; fileRef = BA67615B27B143FB00C66519 /* CityModel.swift */; };
/* End PBXBuildFile section */

/* Begin PBXFileReference section */
		BA64435827AFB906001866D0 /* WeatherApp.app */ = {isa = PBXFileReference; explicitFileType = wrapper.application; includeInIndex = 0; path = WeatherApp.app; sourceTree = BUILT_PRODUCTS_DIR; };
		BA64435B27AFB906001866D0 /* AppDelegate.swift */ = {isa = PBXFileReference; lastKnownFileType = sourcecode.swift; path = AppDelegate.swift; sourceTree = "<group>"; };
		BA64435D27AFB906001866D0 /* SceneDelegate.swift */ = {isa = PBXFileReference; lastKnownFileType = sourcecode.swift; path = SceneDelegate.swift; sourceTree = "<group>"; };
		BA64435F27AFB906001866D0 /* MainVC.swift */ = {isa = PBXFileReference; lastKnownFileType = sourcecode.swift; path = MainVC.swift; sourceTree = "<group>"; };
		BA64436227AFB906001866D0 /* Base */ = {isa = PBXFileReference; lastKnownFileType = file.storyboard; name = Base; path = Base.lproj/Main.storyboard; sourceTree = "<group>"; };
		BA64436427AFB907001866D0 /* Assets.xcassets */ = {isa = PBXFileReference; lastKnownFileType = folder.assetcatalog; path = Assets.xcassets; sourceTree = "<group>"; };
		BA64436727AFB907001866D0 /* Base */ = {isa = PBXFileReference; lastKnownFileType = file.storyboard; name = Base; path = Base.lproj/LaunchScreen.storyboard; sourceTree = "<group>"; };
		BA64436927AFB907001866D0 /* Info.plist */ = {isa = PBXFileReference; lastKnownFileType = text.plist.xml; path = Info.plist; sourceTree = "<group>"; };
		BA64437227AFD68A001866D0 /* WeatherModel.swift */ = {isa = PBXFileReference; lastKnownFileType = sourcecode.swift; path = WeatherModel.swift; sourceTree = "<group>"; };
		BA67615927B13BF700C66519 /* EditCityVC.swift */ = {isa = PBXFileReference; lastKnownFileType = sourcecode.swift; path = EditCityVC.swift; sourceTree = "<group>"; };
		BA67615B27B143FB00C66519 /* CityModel.swift */ = {isa = PBXFileReference; lastKnownFileType = sourcecode.swift; path = CityModel.swift; sourceTree = "<group>"; };
/* End PBXFileReference section */

/* Begin PBXFrameworksBuildPhase section */
		BA64435527AFB906001866D0 /* Frameworks */ = {
			isa = PBXFrameworksBuildPhase;
			buildActionMask = 2147483647;
			files = (
				BA64437127AFBAB3001866D0 /* Alamofire in Frameworks */,
				BA2A602527B1A12B009FA09E /* ProgressHUD in Frameworks */,
			);
			runOnlyForDeploymentPostprocessing = 0;
		};
/* End PBXFrameworksBuildPhase section */

/* Begin PBXGroup section */
		BA64434F27AFB906001866D0 = {
			isa = PBXGroup;
			children = (
				BA64435A27AFB906001866D0 /* WeatherApp */,
				BA64435927AFB906001866D0 /* Products */,
			);
			sourceTree = "<group>";
		};
		BA64435927AFB906001866D0 /* Products */ = {
			isa = PBXGroup;
			children = (
				BA64435827AFB906001866D0 /* WeatherApp.app */,
			);
			name = Products;
			sourceTree = "<group>";
		};
		BA64435A27AFB906001866D0 /* WeatherApp */ = {
			isa = PBXGroup;
			children = (
				BA64435B27AFB906001866D0 /* AppDelegate.swift */,
				BA64435D27AFB906001866D0 /* SceneDelegate.swift */,
				BA64435F27AFB906001866D0 /* MainVC.swift */,
				BA64436127AFB906001866D0 /* Main.storyboard */,
				BA67615927B13BF700C66519 /* EditCityVC.swift */,
				BA64437227AFD68A001866D0 /* WeatherModel.swift */,
				BA67615B27B143FB00C66519 /* CityModel.swift */,
				BA64436427AFB907001866D0 /* Assets.xcassets */,
				BA64436627AFB907001866D0 /* LaunchScreen.storyboard */,
				BA64436927AFB907001866D0 /* Info.plist */,
			);
			path = WeatherApp;
			sourceTree = "<group>";
		};
/* End PBXGroup section */

/* Begin PBXNativeTarget section */
		BA64435727AFB906001866D0 /* WeatherApp */ = {
			isa = PBXNativeTarget;
			buildConfigurationList = BA64436C27AFB907001866D0 /* Build configuration list for PBXNativeTarget "WeatherApp" */;
			buildPhases = (
				BA64435427AFB906001866D0 /* Sources */,
				BA64435527AFB906001866D0 /* Frameworks */,
				BA64435627AFB906001866D0 /* Resources */,
			);
			buildRules = (
			);
			dependencies = (
			);
			name = WeatherApp;
			packageProductDependencies = (
				BA64437027AFBAB3001866D0 /* Alamofire */,
				BA2A602427B1A12B009FA09E /* ProgressHUD */,
			);
			productName = WeatherApp;
			productReference = BA64435827AFB906001866D0 /* WeatherApp.app */;
			productType = "com.apple.product-type.application";
		};
/* End PBXNativeTarget section */

/* Begin PBXProject section */
		BA64435027AFB906001866D0 /* Project object */ = {
			isa = PBXProject;
			attributes = {
				LastSwiftUpdateCheck = 1130;
				LastUpgradeCheck = 1130;
				ORGANIZATIONNAME = Develop;
				TargetAttributes = {
					BA64435727AFB906001866D0 = {
						CreatedOnToolsVersion = 11.3.1;
					};
				};
			};
			buildConfigurationList = BA64435327AFB906001866D0 /* Build configuration list for PBXProject "WeatherApp" */;
			compatibilityVersion = "Xcode 9.3";
			developmentRegion = en;
			hasScannedForEncodings = 0;
			knownRegions = (
				en,
				Base,
			);
			mainGroup = BA64434F27AFB906001866D0;
			packageReferences = (
				BA64436F27AFBAB3001866D0 /* XCRemoteSwiftPackageReference "Alamofire" */,
				BA2A602327B1A12B009FA09E /* XCRemoteSwiftPackageReference "ProgressHUD" */,
			);
			productRefGroup = BA64435927AFB906001866D0 /* Products */;
			projectDirPath = "";
			projectRoot = "";
			targets = (
				BA64435727AFB906001866D0 /* WeatherApp */,
			);
		};
/* End PBXProject section */

/* Begin PBXResourcesBuildPhase section */
		BA64435627AFB906001866D0 /* Resources */ = {
			isa = PBXResourcesBuildPhase;
			buildActionMask = 2147483647;
			files = (
				BA64436827AFB907001866D0 /* LaunchScreen.storyboard in Resources */,
				BA64436527AFB907001866D0 /* Assets.xcassets in Resources */,
				BA64436327AFB906001866D0 /* Main.storyboard in Resources */,
			);
			runOnlyForDeploymentPostprocessing = 0;
		};
/* End PBXResourcesBuildPhase section */

/* Begin PBXSourcesBuildPhase section */
		BA64435427AFB906001866D0 /* Sources */ = {
			isa = PBXSourcesBuildPhase;
			buildActionMask = 2147483647;
			files = (
				BA64436027AFB906001866D0 /* MainVC.swift in Sources */,
				BA64435C27AFB906001866D0 /* AppDelegate.swift in Sources */,
				BA67615C27B143FB00C66519 /* CityModel.swift in Sources */,
				BA64437327AFD68A001866D0 /* WeatherModel.swift in Sources */,
				BA64435E27AFB906001866D0 /* SceneDelegate.swift in Sources */,
				BA67615A27B13BF700C66519 /* EditCityVC.swift in Sources */,
			);
			runOnlyForDeploymentPostprocessing = 0;
		};
/* End PBXSourcesBuildPhase section */

/* Begin PBXVariantGroup section */
		BA64436127AFB906001866D0 /* Main.storyboard */ = {
			isa = PBXVariantGroup;
			children = (
				BA64436227AFB906001866D0 /* Base */,
			);
			name = Main.storyboard;
			sourceTree = "<group>";
		};
		BA64436627AFB907001866D0 /* LaunchScreen.storyboard */ = {
			isa = PBXVariantGroup;
			children = (
				BA64436727AFB907001866D0 /* Base */,
			);
			name = LaunchScreen.storyboard;
			sourceTree = "<group>";
		};
/* End PBXVariantGroup section */

/* Begin XCBuildConfiguration section */
		BA64436A27AFB907001866D0 /* Debug */ = {
			isa = XCBuildConfiguration;
			buildSettings = {
				ALWAYS_SEARCH_USER_PATHS = NO;
				CLANG_ANALYZER_NONNULL = YES;
				CLANG_ANALYZER_NUMBER_OBJECT_CONVERSION = YES_AGGRESSIVE;
				CLANG_CXX_LANGUAGE_STANDARD = "gnu++14";
				CLANG_CXX_LIBRARY = "libc++";
				CLANG_ENABLE_MODULES = YES;
				CLANG_ENABLE_OBJC_ARC = YES;
				CLANG_ENABLE_OBJC_WEAK = YES;
				CLANG_WARN_BLOCK_CAPTURE_AUTORELEASING = YES;
				CLANG_WARN_BOOL_CONVERSION = YES;
				CLANG_WARN_COMMA = YES;
				CLANG_WARN_CONSTANT_CONVERSION = YES;
				CLANG_WARN_DEPRECATED_OBJC_IMPLEMENTATIONS = YES;
				CLANG_WARN_DIRECT_OBJC_ISA_USAGE = YES_ERROR;
				CLANG_WARN_DOCUMENTATION_COMMENTS = YES;
				CLANG_WARN_EMPTY_BODY = YES;
				CLANG_WARN_ENUM_CONVERSION = YES;
				CLANG_WARN_INFINITE_RECURSION = YES;
				CLANG_WARN_INT_CONVERSION = YES;
				CLANG_WARN_NON_LITERAL_NULL_CONVERSION = YES;
				CLANG_WARN_OBJC_IMPLICIT_RETAIN_SELF = YES;
				CLANG_WARN_OBJC_LITERAL_CONVERSION = YES;
				CLANG_WARN_OBJC_ROOT_CLASS = YES_ERROR;
				CLANG_WARN_RANGE_LOOP_ANALYSIS = YES;
				CLANG_WARN_STRICT_PROTOTYPES = YES;
				CLANG_WARN_SUSPICIOUS_MOVE = YES;
				CLANG_WARN_UNGUARDED_AVAILABILITY = YES_AGGRESSIVE;
				CLANG_WARN_UNREACHABLE_CODE = YES;
				CLANG_WARN__DUPLICATE_METHOD_MATCH = YES;
				COPY_PHASE_STRIP = NO;
				DEBUG_INFORMATION_FORMAT = dwarf;
				ENABLE_STRICT_OBJC_MSGSEND = YES;
				ENABLE_TESTABILITY = YES;
				GCC_C_LANGUAGE_STANDARD = gnu11;
				GCC_DYNAMIC_NO_PIC = NO;
				GCC_NO_COMMON_BLOCKS = YES;
				GCC_OPTIMIZATION_LEVEL = 0;
				GCC_PREPROCESSOR_DEFINITIONS = (
					"DEBUG=1",
					"$(inherited)",
				);
				GCC_WARN_64_TO_32_BIT_CONVERSION = YES;
				GCC_WARN_ABOUT_RETURN_TYPE = YES_ERROR;
				GCC_WARN_UNDECLARED_SELECTOR = YES;
				GCC_WARN_UNINITIALIZED_AUTOS = YES_AGGRESSIVE;
				GCC_WARN_UNUSED_FUNCTION = YES;
				GCC_WARN_UNUSED_VARIABLE = YES;
				IPHONEOS_DEPLOYMENT_TARGET = 13.2;
				MTL_ENABLE_DEBUG_INFO = INCLUDE_SOURCE;
				MTL_FAST_MATH = YES;
				ONLY_ACTIVE_ARCH = YES;
				SDKROOT = iphoneos;
				SWIFT_ACTIVE_COMPILATION_CONDITIONS = DEBUG;
				SWIFT_OPTIMIZATION_LEVEL = "-Onone";
			};
			name = Debug;
		};
		BA64436B27AFB907001866D0 /* Release */ = {
			isa = XCBuildConfiguration;
			buildSettings = {
				ALWAYS_SEARCH_USER_PATHS = NO;
				CLANG_ANALYZER_NONNULL = YES;
				CLANG_ANALYZER_NUMBER_OBJECT_CONVERSION = YES_AGGRESSIVE;
				CLANG_CXX_LANGUAGE_STANDARD = "gnu++14";
				CLANG_CXX_LIBRARY = "libc++";
				CLANG_ENABLE_MODULES = YES;
				CLANG_ENABLE_OBJC_ARC = YES;
				CLANG_ENABLE_OBJC_WEAK = YES;
				CLANG_WARN_BLOCK_CAPTURE_AUTORELEASING = YES;
				CLANG_WARN_BOOL_CONVERSION = YES;
				CLANG_WARN_COMMA = YES;
				CLANG_WARN_CONSTANT_CONVERSION = YES;
				CLANG_WARN_DEPRECATED_OBJC_IMPLEMENTATIONS = YES;
				CLANG_WARN_DIRECT_OBJC_ISA_USAGE = YES_ERROR;
				CLANG_WARN_DOCUMENTATION_COMMENTS = YES;
				CLANG_WARN_EMPTY_BODY = YES;
				CLANG_WARN_ENUM_CONVERSION = YES;
				CLANG_WARN_INFINITE_RECURSION = YES;
				CLANG_WARN_INT_CONVERSION = YES;
				CLANG_WARN_NON_LITERAL_NULL_CONVERSION = YES;
				CLANG_WARN_OBJC_IMPLICIT_RETAIN_SELF = YES;
				CLANG_WARN_OBJC_LITERAL_CONVERSION = YES;
				CLANG_WARN_OBJC_ROOT_CLASS = YES_ERROR;
				CLANG_WARN_RANGE_LOOP_ANALYSIS = YES;
				CLANG_WARN_STRICT_PROTOTYPES = YES;
				CLANG_WARN_SUSPICIOUS_MOVE = YES;
				CLANG_WARN_UNGUARDED_AVAILABILITY = YES_AGGRESSIVE;
				CLANG_WARN_UNREACHABLE_CODE = YES;
				CLANG_WARN__DUPLICATE_METHOD_MATCH = YES;
				COPY_PHASE_STRIP = NO;
				DEBUG_INFORMATION_FORMAT = "dwarf-with-dsym";
				ENABLE_NS_ASSERTIONS = NO;
				ENABLE_STRICT_OBJC_MSGSEND = YES;
				GCC_C_LANGUAGE_STANDARD = gnu11;
				GCC_NO_COMMON_BLOCKS = YES;
				GCC_WARN_64_TO_32_BIT_CONVERSION = YES;
				GCC_WARN_ABOUT_RETURN_TYPE = YES_ERROR;
				GCC_WARN_UNDECLARED_SELECTOR = YES;
				GCC_WARN_UNINITIALIZED_AUTOS = YES_AGGRESSIVE;
				GCC_WARN_UNUSED_FUNCTION = YES;
				GCC_WARN_UNUSED_VARIABLE = YES;
				IPHONEOS_DEPLOYMENT_TARGET = 13.2;
				MTL_ENABLE_DEBUG_INFO = NO;
				MTL_FAST_MATH = YES;
				SDKROOT = iphoneos;
				SWIFT_COMPILATION_MODE = wholemodule;
				SWIFT_OPTIMIZATION_LEVEL = "-O";
				VALIDATE_PRODUCT = YES;
			};
			name = Release;
		};
		BA64436D27AFB907001866D0 /* Debug */ = {
			isa = XCBuildConfiguration;
			buildSettings = {
				ASSETCATALOG_COMPILER_APPICON_NAME = AppIcon;
				CODE_SIGN_STYLE = Automatic;
				DEVELOPMENT_TEAM = LC63953P8C;
				INFOPLIST_FILE = WeatherApp/Info.plist;
				LD_RUNPATH_SEARCH_PATHS = (
					"$(inherited)",
					"@executable_path/Frameworks",
				);
				PRODUCT_BUNDLE_IDENTIFIER = as.WeatherApp;
				PRODUCT_NAME = "$(TARGET_NAME)";
				SWIFT_VERSION = 5.0;
				TARGETED_DEVICE_FAMILY = "1,2";
			};
			name = Debug;
		};
		BA64436E27AFB907001866D0 /* Release */ = {
			isa = XCBuildConfiguration;
			buildSettings = {
				ASSETCATALOG_COMPILER_APPICON_NAME = AppIcon;
				CODE_SIGN_STYLE = Automatic;
				DEVELOPMENT_TEAM = LC63953P8C;
				INFOPLIST_FILE = WeatherApp/Info.plist;
				LD_RUNPATH_SEARCH_PATHS = (
					"$(inherited)",
					"@executable_path/Frameworks",
				);
				PRODUCT_BUNDLE_IDENTIFIER = as.WeatherApp;
				PRODUCT_NAME = "$(TARGET_NAME)";
				SWIFT_VERSION = 5.0;
				TARGETED_DEVICE_FAMILY = "1,2";
			};
			name = Release;
		};
/* End XCBuildConfiguration section */

/* Begin XCConfigurationList section */
		BA64435327AFB906001866D0 /* Build configuration list for PBXProject "WeatherApp" */ = {
			isa = XCConfigurationList;
			buildConfigurations = (
				BA64436A27AFB907001866D0 /* Debug */,
				BA64436B27AFB907001866D0 /* Release */,
			);
			defaultConfigurationIsVisible = 0;
			defaultConfigurationName = Release;
		};
		BA64436C27AFB907001866D0 /* Build configuration list for PBXNativeTarget "WeatherApp" */ = {
			isa = XCConfigurationList;
			buildConfigurations = (
				BA64436D27AFB907001866D0 /* Debug */,
				BA64436E27AFB907001866D0 /* Release */,
			);
			defaultConfigurationIsVisible = 0;
			defaultConfigurationName = Release;
		};
/* End XCConfigurationList section */

/* Begin XCRemoteSwiftPackageReference section */
		BA2A602327B1A12B009FA09E /* XCRemoteSwiftPackageReference "ProgressHUD" */ = {
			isa = XCRemoteSwiftPackageReference;
			repositoryURL = "https://github.com/relatedcode/ProgressHUD";
			requirement = {
				kind = upToNextMajorVersion;
				minimumVersion = 13.6.1;
			};
		};
		BA64436F27AFBAB3001866D0 /* XCRemoteSwiftPackageReference "Alamofire" */ = {
			isa = XCRemoteSwiftPackageReference;
			repositoryURL = "https://github.com/Alamofire/Alamofire";
			requirement = {
				kind = upToNextMajorVersion;
				minimumVersion = 5.3.0;
			};
		};
/* End XCRemoteSwiftPackageReference section */

/* Begin XCSwiftPackageProductDependency section */
		BA2A602427B1A12B009FA09E /* ProgressHUD */ = {
			isa = XCSwiftPackageProductDependency;
			package = BA2A602327B1A12B009FA09E /* XCRemoteSwiftPackageReference "ProgressHUD" */;
			productName = ProgressHUD;
		};
		BA64437027AFBAB3001866D0 /* Alamofire */ = {
			isa = XCSwiftPackageProductDependency;
			package = BA64436F27AFBAB3001866D0 /* XCRemoteSwiftPackageReference "Alamofire" */;
			productName = Alamofire;
		};
/* End XCSwiftPackageProductDependency section */
	};
	rootObject = BA64435027AFB906001866D0 /* Project object */;
}
